
Microsoft Visual Studio Solution File, Format Version 12.00
# Visual Studio 2017
Project("{FAE04EC0-301F-11D3-BF4B-00C04F79EFBC}") = "Arons", "Arons.csproj", "{CF1CC393-5231-8FC8-44D7-4DD6D47A67B1}"
EndProject
Global
	GlobalSection(SolutionConfigurationPlatforms) = preSolution
		Debug|Any CPU = Debug|Any CPU
		Release|Any CPU = Release|Any CPU
	EndGlobalSection
	GlobalSection(ProjectConfigurationPlatforms) = postSolution
		{CF1CC393-5231-8FC8-44D7-4DD6D47A67B1}.Debug|Any CPU.ActiveCfg = Debug|Any CPU
		{CF1CC393-5231-8FC8-44D7-4DD6D47A67B1}.Debug|Any CPU.Build.0 = Debug|Any CPU
		{CF1CC393-5231-8FC8-44D7-4DD6D47A67B1}.Release|Any CPU.ActiveCfg = Release|Any CPU
		{CF1CC393-5231-8FC8-44D7-4DD6D47A67B1}.Release|Any CPU.Build.0 = Release|Any CPU
	EndGlobalSection
	GlobalSection(SolutionProperties) = preSolution
		HideSolutionNode = FALSE
	EndGlobalSection
EndGlobal
